
Microsoft Visual Studio Solution File, Format Version 12.00
# Visual Studio Version 17
VisualStudioVersion = 17.6.33815.320
MinimumVisualStudioVersion = 10.0.40219.1
Project("{FAE04EC0-301F-11D3-BF4B-00C04F79EFBC}") = "example", "example\example.csproj", "{AA676388-79CC-4421-96FA-C80E8D0740AE}"
EndProject
Global
	GlobalSection(SolutionConfigurationPlatforms) = preSolution
		Debug|Any CPU = Debug|Any CPU
		Release|Any CPU = Release|Any CPU
	EndGlobalSection
	GlobalSection(ProjectConfigurationPlatforms) = postSolution
		{AA676388-79CC-4421-96FA-C80E8D0740AE}.Debug|Any CPU.ActiveCfg = Debug|Any CPU
		{AA676388-79CC-4421-96FA-C80E8D0740AE}.Debug|Any CPU.Build.0 = Debug|Any CPU
		{AA676388-79CC-4421-96FA-C80E8D0740AE}.Release|Any CPU.ActiveCfg = Release|Any CPU
		{AA676388-79CC-4421-96FA-C80E8D0740AE}.Release|Any CPU.Build.0 = Release|Any CPU
	EndGlobalSection
	GlobalSection(SolutionProperties) = preSolution
		HideSolutionNode = FALSE
	EndGlobalSection
	GlobalSection(ExtensibilityGlobals) = postSolution
		SolutionGuid = {BE32DBA3-2729-4F9E-84EB-5A4C7336CCAF}
	EndGlobalSection
EndGlobal
